
Microsoft Visual Studio Solution File, Format Version 12.00
# Visual Studio Version 16
VisualStudioVersion = 16.0.30413.136
MinimumVisualStudioVersion = 10.0.40219.1
Project("{FAE04EC0-301F-11D3-BF4B-00C04F79EFBC}") = "UnitTestAppUserFakeRepository", "UnitTestFakeAppUserRepository\UnitTestAppUserFakeRepository.csproj", "{4FD6BE93-317B-408A-8D35-3011B9ED9760}"
	ProjectSection(ProjectDependencies) = postProject
		{74C86608-615F-457B-9863-8DD2D9033287} = {74C86608-615F-457B-9863-8DD2D9033287}
	EndProjectSection
EndProject
Project("{FAE04EC0-301F-11D3-BF4B-00C04F79EFBC}") = "P5 Code", "P5 Code\P5 Code.csproj", "{74C86608-615F-457B-9863-8DD2D9033287}"
EndProject
Global
	GlobalSection(SolutionConfigurationPlatforms) = preSolution
		Debug|Any CPU = Debug|Any CPU
		Release|Any CPU = Release|Any CPU
	EndGlobalSection
	GlobalSection(ProjectConfigurationPlatforms) = postSolution
		{4FD6BE93-317B-408A-8D35-3011B9ED9760}.Debug|Any CPU.ActiveCfg = Debug|Any CPU
		{4FD6BE93-317B-408A-8D35-3011B9ED9760}.Debug|Any CPU.Build.0 = Debug|Any CPU
		{4FD6BE93-317B-408A-8D35-3011B9ED9760}.Release|Any CPU.ActiveCfg = Release|Any CPU
		{4FD6BE93-317B-408A-8D35-3011B9ED9760}.Release|Any CPU.Build.0 = Release|Any CPU
		{74C86608-615F-457B-9863-8DD2D9033287}.Debug|Any CPU.ActiveCfg = Debug|Any CPU
		{74C86608-615F-457B-9863-8DD2D9033287}.Debug|Any CPU.Build.0 = Debug|Any CPU
		{74C86608-615F-457B-9863-8DD2D9033287}.Release|Any CPU.ActiveCfg = Release|Any CPU
		{74C86608-615F-457B-9863-8DD2D9033287}.Release|Any CPU.Build.0 = Release|Any CPU
	EndGlobalSection
	GlobalSection(SolutionProperties) = preSolution
		HideSolutionNode = FALSE
	EndGlobalSection
	GlobalSection(ExtensibilityGlobals) = postSolution
		SolutionGuid = {33D7549C-50E1-4517-837E-D9F81F71BA56}
	EndGlobalSection
EndGlobal
